
Microsoft Visual Studio Solution File, Format Version 12.00
# Visual Studio 14
VisualStudioVersion = 14.0.25420.1
MinimumVisualStudioVersion = 10.0.40219.1
Project("{FAE04EC0-301F-11D3-BF4B-00C04F79EFBC}") = "ImageManager", "ImageProcessor\ImageManager.csproj", "{EBE6F6C3-6945-41D8-AA37-FA635488E670}"
EndProject
Project("{FAE04EC0-301F-11D3-BF4B-00C04F79EFBC}") = "StaticResourse", "StaticResourse\StaticResourse.csproj", "{1C91244F-9C96-4827-A53C-4074C2EFAA72}"
EndProject
Project("{FAE04EC0-301F-11D3-BF4B-00C04F79EFBC}") = "NeuronManagment", "NeuronManagment\NeuronManagment.csproj", "{6E339C13-55D9-466D-AC1A-F40C3FB24204}"
EndProject
Project("{FAE04EC0-301F-11D3-BF4B-00C04F79EFBC}") = "WeightManagment", "WeightManagment\WeightManagment.csproj", "{20B84072-FFEB-4187-BCDF-E92584507D9E}"
EndProject
Project("{FAE04EC0-301F-11D3-BF4B-00C04F79EFBC}") = "ViewControl", "ViewControl\ViewControl.csproj", "{8F87736C-FE5C-4F04-AD3B-4C1821186B7B}"
EndProject
Project("{FAE04EC0-301F-11D3-BF4B-00C04F79EFBC}") = "WeightRepositoryManager", "WeightRepositoryManager\WeightRepositoryManager.csproj", "{51D135A7-D7C7-40A7-A537-4CFF07660A33}"
EndProject
Project("{2150E333-8FDC-42A3-9474-1A3956D46DE8}") = "Image", "Image", "{C6B67202-B4C1-4D8F-8C55-A961C0C6A1D0}"
EndProject
Project("{2150E333-8FDC-42A3-9474-1A3956D46DE8}") = "Settings", "Settings", "{E44936D2-0059-4282-84E1-E28C479B977F}"
EndProject
Project("{2150E333-8FDC-42A3-9474-1A3956D46DE8}") = "NeuroNet", "NeuroNet", "{0A5EE1AB-A78C-449E-BBA4-02E36EEFA5D1}"
EndProject
Project("{2150E333-8FDC-42A3-9474-1A3956D46DE8}") = "DataManage", "DataManage", "{F36285E9-1258-48C5-BE7E-BB822A8E3FDB}"
EndProject
Project("{FAE04EC0-301F-11D3-BF4B-00C04F79EFBC}") = "VisualData", "VisualData\VisualData.csproj", "{BE7F0002-3472-4DF2-98BA-BA69B36B2ADE}"
EndProject
Project("{2150E333-8FDC-42A3-9474-1A3956D46DE8}") = "Help", "Help", "{C3DDEA3A-74D2-4F3B-A563-179262050AED}"
EndProject
Project("{FAE04EC0-301F-11D3-BF4B-00C04F79EFBC}") = "TraversalLib", "TraversalLib\TraversalLib.csproj", "{F04C0D0E-327E-4C74-8A9F-21923D3FE7CC}"
EndProject
Project("{FAE04EC0-301F-11D3-BF4B-00C04F79EFBC}") = "ConsoleApplication1", "ConsoleApplication1\ConsoleApplication1.csproj", "{08365B43-4C5C-4CB6-8F8D-CE46F7CA448F}"
EndProject
Global
	GlobalSection(SolutionConfigurationPlatforms) = preSolution
		Debug|Any CPU = Debug|Any CPU
		Release|Any CPU = Release|Any CPU
	EndGlobalSection
	GlobalSection(ProjectConfigurationPlatforms) = postSolution
		{EBE6F6C3-6945-41D8-AA37-FA635488E670}.Debug|Any CPU.ActiveCfg = Debug|Any CPU
		{EBE6F6C3-6945-41D8-AA37-FA635488E670}.Debug|Any CPU.Build.0 = Debug|Any CPU
		{EBE6F6C3-6945-41D8-AA37-FA635488E670}.Release|Any CPU.ActiveCfg = Release|Any CPU
		{EBE6F6C3-6945-41D8-AA37-FA635488E670}.Release|Any CPU.Build.0 = Release|Any CPU
		{1C91244F-9C96-4827-A53C-4074C2EFAA72}.Debug|Any CPU.ActiveCfg = Debug|Any CPU
		{1C91244F-9C96-4827-A53C-4074C2EFAA72}.Debug|Any CPU.Build.0 = Debug|Any CPU
		{1C91244F-9C96-4827-A53C-4074C2EFAA72}.Release|Any CPU.ActiveCfg = Release|Any CPU
		{1C91244F-9C96-4827-A53C-4074C2EFAA72}.Release|Any CPU.Build.0 = Release|Any CPU
		{6E339C13-55D9-466D-AC1A-F40C3FB24204}.Debug|Any CPU.ActiveCfg = Debug|Any CPU
		{6E339C13-55D9-466D-AC1A-F40C3FB24204}.Debug|Any CPU.Build.0 = Debug|Any CPU
		{6E339C13-55D9-466D-AC1A-F40C3FB24204}.Release|Any CPU.ActiveCfg = Release|Any CPU
		{6E339C13-55D9-466D-AC1A-F40C3FB24204}.Release|Any CPU.Build.0 = Release|Any CPU
		{20B84072-FFEB-4187-BCDF-E92584507D9E}.Debug|Any CPU.ActiveCfg = Debug|Any CPU
		{20B84072-FFEB-4187-BCDF-E92584507D9E}.Debug|Any CPU.Build.0 = Debug|Any CPU
		{20B84072-FFEB-4187-BCDF-E92584507D9E}.Release|Any CPU.ActiveCfg = Release|Any CPU
		{20B84072-FFEB-4187-BCDF-E92584507D9E}.Release|Any CPU.Build.0 = Release|Any CPU
		{8F87736C-FE5C-4F04-AD3B-4C1821186B7B}.Debug|Any CPU.ActiveCfg = Debug|Any CPU
		{8F87736C-FE5C-4F04-AD3B-4C1821186B7B}.Debug|Any CPU.Build.0 = Debug|Any CPU
		{8F87736C-FE5C-4F04-AD3B-4C1821186B7B}.Release|Any CPU.ActiveCfg = Release|Any CPU
		{8F87736C-FE5C-4F04-AD3B-4C1821186B7B}.Release|Any CPU.Build.0 = Release|Any CPU
		{51D135A7-D7C7-40A7-A537-4CFF07660A33}.Debug|Any CPU.ActiveCfg = Debug|Any CPU
		{51D135A7-D7C7-40A7-A537-4CFF07660A33}.Debug|Any CPU.Build.0 = Debug|Any CPU
		{51D135A7-D7C7-40A7-A537-4CFF07660A33}.Release|Any CPU.ActiveCfg = Release|Any CPU
		{51D135A7-D7C7-40A7-A537-4CFF07660A33}.Release|Any CPU.Build.0 = Release|Any CPU
		{BE7F0002-3472-4DF2-98BA-BA69B36B2ADE}.Debug|Any CPU.ActiveCfg = Debug|Any CPU
		{BE7F0002-3472-4DF2-98BA-BA69B36B2ADE}.Debug|Any CPU.Build.0 = Debug|Any CPU
		{BE7F0002-3472-4DF2-98BA-BA69B36B2ADE}.Release|Any CPU.ActiveCfg = Release|Any CPU
		{BE7F0002-3472-4DF2-98BA-BA69B36B2ADE}.Release|Any CPU.Build.0 = Release|Any CPU
		{F04C0D0E-327E-4C74-8A9F-21923D3FE7CC}.Debug|Any CPU.ActiveCfg = Debug|Any CPU
		{F04C0D0E-327E-4C74-8A9F-21923D3FE7CC}.Debug|Any CPU.Build.0 = Debug|Any CPU
		{F04C0D0E-327E-4C74-8A9F-21923D3FE7CC}.Release|Any CPU.ActiveCfg = Release|Any CPU
		{F04C0D0E-327E-4C74-8A9F-21923D3FE7CC}.Release|Any CPU.Build.0 = Release|Any CPU
		{08365B43-4C5C-4CB6-8F8D-CE46F7CA448F}.Debug|Any CPU.ActiveCfg = Debug|Any CPU
		{08365B43-4C5C-4CB6-8F8D-CE46F7CA448F}.Debug|Any CPU.Build.0 = Debug|Any CPU
		{08365B43-4C5C-4CB6-8F8D-CE46F7CA448F}.Release|Any CPU.ActiveCfg = Release|Any CPU
		{08365B43-4C5C-4CB6-8F8D-CE46F7CA448F}.Release|Any CPU.Build.0 = Release|Any CPU
	EndGlobalSection
	GlobalSection(SolutionProperties) = preSolution
		HideSolutionNode = FALSE
	EndGlobalSection
	GlobalSection(NestedProjects) = preSolution
		{EBE6F6C3-6945-41D8-AA37-FA635488E670} = {C6B67202-B4C1-4D8F-8C55-A961C0C6A1D0}
		{1C91244F-9C96-4827-A53C-4074C2EFAA72} = {E44936D2-0059-4282-84E1-E28C479B977F}
		{6E339C13-55D9-466D-AC1A-F40C3FB24204} = {0A5EE1AB-A78C-449E-BBA4-02E36EEFA5D1}
		{20B84072-FFEB-4187-BCDF-E92584507D9E} = {0A5EE1AB-A78C-449E-BBA4-02E36EEFA5D1}
		{51D135A7-D7C7-40A7-A537-4CFF07660A33} = {0A5EE1AB-A78C-449E-BBA4-02E36EEFA5D1}
		{BE7F0002-3472-4DF2-98BA-BA69B36B2ADE} = {F36285E9-1258-48C5-BE7E-BB822A8E3FDB}
		{F04C0D0E-327E-4C74-8A9F-21923D3FE7CC} = {C3DDEA3A-74D2-4F3B-A563-179262050AED}
	EndGlobalSection
EndGlobal
